
Microsoft Visual Studio Solution File, Format Version 12.00
# Visual Studio Version 16
VisualStudioVersion = 16.0.29519.181
MinimumVisualStudioVersion = 10.0.40219.1
Project("{FAE04EC0-301F-11D3-BF4B-00C04F79EFBC}") = "TaskManager", "TaskManager\TaskManager.csproj", "{FFB517A3-DF0A-40E8-A575-457CEBB3BD64}"
EndProject
Global
	GlobalSection(SolutionConfigurationPlatforms) = preSolution
		Debug|Any CPU = Debug|Any CPU
		Release|Any CPU = Release|Any CPU
	EndGlobalSection
	GlobalSection(ProjectConfigurationPlatforms) = postSolution
		{FFB517A3-DF0A-40E8-A575-457CEBB3BD64}.Debug|Any CPU.ActiveCfg = Debug|Any CPU
		{FFB517A3-DF0A-40E8-A575-457CEBB3BD64}.Debug|Any CPU.Build.0 = Debug|Any CPU
		{FFB517A3-DF0A-40E8-A575-457CEBB3BD64}.Release|Any CPU.ActiveCfg = Release|Any CPU
		{FFB517A3-DF0A-40E8-A575-457CEBB3BD64}.Release|Any CPU.Build.0 = Release|Any CPU
	EndGlobalSection
	GlobalSection(SolutionProperties) = preSolution
		HideSolutionNode = FALSE
	EndGlobalSection
	GlobalSection(ExtensibilityGlobals) = postSolution
		SolutionGuid = {64C5AA29-41B1-450B-8015-6C7C1D4742F3}
	EndGlobalSection
EndGlobal
